
Microsoft Visual Studio Solution File, Format Version 12.00
# Visual Studio 15
VisualStudioVersion = 15.0.27004.2006
MinimumVisualStudioVersion = 10.0.40219.1
Project("{9A19103F-16F7-4668-BE54-9A1E7A4F7556}") = "AzureFunctionApp", "AzureFunctionApp\AzureFunctionApp.csproj", "{3FB29B59-37C8-4AC0-B385-8FBC35FCD391}"
EndProject
Global
	GlobalSection(SolutionConfigurationPlatforms) = preSolution
		Debug|Any CPU = Debug|Any CPU
		Release|Any CPU = Release|Any CPU
	EndGlobalSection
	GlobalSection(ProjectConfigurationPlatforms) = postSolution
		{3FB29B59-37C8-4AC0-B385-8FBC35FCD391}.Debug|Any CPU.ActiveCfg = Debug|Any CPU
		{3FB29B59-37C8-4AC0-B385-8FBC35FCD391}.Debug|Any CPU.Build.0 = Debug|Any CPU
		{3FB29B59-37C8-4AC0-B385-8FBC35FCD391}.Release|Any CPU.ActiveCfg = Release|Any CPU
		{3FB29B59-37C8-4AC0-B385-8FBC35FCD391}.Release|Any CPU.Build.0 = Release|Any CPU
	EndGlobalSection
	GlobalSection(SolutionProperties) = preSolution
		HideSolutionNode = FALSE
	EndGlobalSection
	GlobalSection(ExtensibilityGlobals) = postSolution
		SolutionGuid = {50704A69-F44E-41E0-A9B6-FC117DF3C1BF}
	EndGlobalSection
EndGlobal
